
Microsoft Visual Studio Solution File, Format Version 12.00
# Visual Studio Version 17
VisualStudioVersion = 17.14.37203.1
MinimumVisualStudioVersion = 10.0.40219.1
Project("{FAE04EC0-301F-11D3-BF4B-00C04F79EFBC}") = "AppWebPortfolio", "AppWebPortfolio.csproj", "{900B7941-D81F-4CB1-8DFB-1B22EAC6B437}"
EndProject
Global
	GlobalSection(SolutionConfigurationPlatforms) = preSolution
		Debug|Any CPU = Debug|Any CPU
		Release|Any CPU = Release|Any CPU
	EndGlobalSection
	GlobalSection(ProjectConfigurationPlatforms) = postSolution
		{900B7941-D81F-4CB1-8DFB-1B22EAC6B437}.Debug|Any CPU.ActiveCfg = Debug|Any CPU
		{900B7941-D81F-4CB1-8DFB-1B22EAC6B437}.Debug|Any CPU.Build.0 = Debug|Any CPU
		{900B7941-D81F-4CB1-8DFB-1B22EAC6B437}.Release|Any CPU.ActiveCfg = Release|Any CPU
		{900B7941-D81F-4CB1-8DFB-1B22EAC6B437}.Release|Any CPU.Build.0 = Release|Any CPU
	EndGlobalSection
	GlobalSection(SolutionProperties) = preSolution
		HideSolutionNode = FALSE
	EndGlobalSection
	GlobalSection(ExtensibilityGlobals) = postSolution
		SolutionGuid = {20A6AE16-C9FF-480A-AADB-04B42F61C22C}
	EndGlobalSection
EndGlobal
